
Microsoft Visual Studio Solution File, Format Version 12.00
# Visual Studio Version 16
VisualStudioVersion = 16.0.30717.126
MinimumVisualStudioVersion = 10.0.40219.1
Project("{FAE04EC0-301F-11D3-BF4B-00C04F79EFBC}") = "EFCore5Sample", "EFCore5Sample\EFCore5Sample.csproj", "{3DB60E53-F971-4025-8335-C3EC95E28865}"
EndProject
Global
	GlobalSection(SolutionConfigurationPlatforms) = preSolution
		Debug|Any CPU = Debug|Any CPU
		Release|Any CPU = Release|Any CPU
	EndGlobalSection
	GlobalSection(ProjectConfigurationPlatforms) = postSolution
		{3DB60E53-F971-4025-8335-C3EC95E28865}.Debug|Any CPU.ActiveCfg = Debug|Any CPU
		{3DB60E53-F971-4025-8335-C3EC95E28865}.Debug|Any CPU.Build.0 = Debug|Any CPU
		{3DB60E53-F971-4025-8335-C3EC95E28865}.Release|Any CPU.ActiveCfg = Release|Any CPU
		{3DB60E53-F971-4025-8335-C3EC95E28865}.Release|Any CPU.Build.0 = Release|Any CPU
	EndGlobalSection
	GlobalSection(SolutionProperties) = preSolution
		HideSolutionNode = FALSE
	EndGlobalSection
	GlobalSection(ExtensibilityGlobals) = postSolution
		SolutionGuid = {98954984-566E-40D4-9BFD-CE3D6C1F25AA}
	EndGlobalSection
EndGlobal
